// !$*UTF8*$!
{
	archiveVersion = 1;
	classes = {
	};
	objectVersion = 50;
	objects = {

/* Begin PBXBuildFile section */
		C95D0932249AB54700D39DE3 /* AppDelegate.swift in Sources */ = {isa = PBXBuildFile; fileRef = C95D0931249AB54700D39DE3 /* AppDelegate.swift */; };
		C95D0934249AB54700D39DE3 /* SceneDelegate.swift in Sources */ = {isa = PBXBuildFile; fileRef = C95D0933249AB54700D39DE3 /* SceneDelegate.swift */; };
		C95D0939249AB54700D39DE3 /* Main.storyboard in Resources */ = {isa = PBXBuildFile; fileRef = C95D0937249AB54700D39DE3 /* Main.storyboard */; };
		C95D093B249AB54C00D39DE3 /* Assets.xcassets in Resources */ = {isa = PBXBuildFile; fileRef = C95D093A249AB54C00D39DE3 /* Assets.xcassets */; };
		C95D093E249AB54C00D39DE3 /* LaunchScreen.storyboard in Resources */ = {isa = PBXBuildFile; fileRef = C95D093C249AB54C00D39DE3 /* LaunchScreen.storyboard */; };
		C95D094C249ABE2000D39DE3 /* Species.swift in Sources */ = {isa = PBXBuildFile; fileRef = C95D094B249ABE2000D39DE3 /* Species.swift */; };
		C95D094E249ABFEF00D39DE3 /* SpeciesController.swift in Sources */ = {isa = PBXBuildFile; fileRef = C95D094D249ABFEF00D39DE3 /* SpeciesController.swift */; };
		C95D0950249AC0A500D39DE3 /* SpeciesError.swift in Sources */ = {isa = PBXBuildFile; fileRef = C95D094F249AC0A500D39DE3 /* SpeciesError.swift */; };
		C95D0952249AC90700D39DE3 /* SpeciesViewController.swift in Sources */ = {isa = PBXBuildFile; fileRef = C95D0951249AC90700D39DE3 /* SpeciesViewController.swift */; };
/* End PBXBuildFile section */

/* Begin PBXFileReference section */
		C95D092E249AB54700D39DE3 /* BuildYourOwnAppDog.app */ = {isa = PBXFileReference; explicitFileType = wrapper.application; includeInIndex = 0; path = BuildYourOwnAppDog.app; sourceTree = BUILT_PRODUCTS_DIR; };
		C95D0931249AB54700D39DE3 /* AppDelegate.swift */ = {isa = PBXFileReference; lastKnownFileType = sourcecode.swift; path = AppDelegate.swift; sourceTree = "<group>"; };
		C95D0933249AB54700D39DE3 /* SceneDelegate.swift */ = {isa = PBXFileReference; lastKnownFileType = sourcecode.swift; path = SceneDelegate.swift; sourceTree = "<group>"; };
		C95D0938249AB54700D39DE3 /* Base */ = {isa = PBXFileReference; lastKnownFileType = file.storyboard; name = Base; path = Base.lproj/Main.storyboard; sourceTree = "<group>"; };
		C95D093A249AB54C00D39DE3 /* Assets.xcassets */ = {isa = PBXFileReference; lastKnownFileType = folder.assetcatalog; path = Assets.xcassets; sourceTree = "<group>"; };
		C95D093D249AB54C00D39DE3 /* Base */ = {isa = PBXFileReference; lastKnownFileType = file.storyboard; name = Base; path = Base.lproj/LaunchScreen.storyboard; sourceTree = "<group>"; };
		C95D093F249AB54C00D39DE3 /* Info.plist */ = {isa = PBXFileReference; lastKnownFileType = text.plist.xml; path = Info.plist; sourceTree = "<group>"; };
		C95D094B249ABE2000D39DE3 /* Species.swift */ = {isa = PBXFileReference; lastKnownFileType = sourcecode.swift; path = Species.swift; sourceTree = "<group>"; };
		C95D094D249ABFEF00D39DE3 /* SpeciesController.swift */ = {isa = PBXFileReference; lastKnownFileType = sourcecode.swift; path = SpeciesController.swift; sourceTree = "<group>"; };
		C95D094F249AC0A500D39DE3 /* SpeciesError.swift */ = {isa = PBXFileReference; lastKnownFileType = sourcecode.swift; path = SpeciesError.swift; sourceTree = "<group>"; };
		C95D0951249AC90700D39DE3 /* SpeciesViewController.swift */ = {isa = PBXFileReference; lastKnownFileType = sourcecode.swift; path = SpeciesViewController.swift; sourceTree = "<group>"; };
/* End PBXFileReference section */

/* Begin PBXFrameworksBuildPhase section */
		C95D092B249AB54600D39DE3 /* Frameworks */ = {
			isa = PBXFrameworksBuildPhase;
			buildActionMask = 2147483647;
			files = (
			);
			runOnlyForDeploymentPostprocessing = 0;
		};
/* End PBXFrameworksBuildPhase section */

/* Begin PBXGroup section */
		C95D0925249AB54600D39DE3 = {
			isa = PBXGroup;
			children = (
				C95D0930249AB54700D39DE3 /* BuildYourOwnAppDog */,
				C95D092F249AB54700D39DE3 /* Products */,
			);
			sourceTree = "<group>";
		};
		C95D092F249AB54700D39DE3 /* Products */ = {
			isa = PBXGroup;
			children = (
				C95D092E249AB54700D39DE3 /* BuildYourOwnAppDog.app */,
			);
			name = Products;
			sourceTree = "<group>";
		};
		C95D0930249AB54700D39DE3 /* BuildYourOwnAppDog */ = {
			isa = PBXGroup;
			children = (
				C95D0948249AB62B00D39DE3 /* Controllers */,
				C95D0947249AB62500D39DE3 /* Models */,
				C95D0946249AB61D00D39DE3 /* Helpers */,
				C95D0945249AB55000D39DE3 /* Resources  */,
				C95D0937249AB54700D39DE3 /* Main.storyboard */,
			);
			path = BuildYourOwnAppDog;
			sourceTree = "<group>";
		};
		C95D0945249AB55000D39DE3 /* Resources  */ = {
			isa = PBXGroup;
			children = (
				C95D0931249AB54700D39DE3 /* AppDelegate.swift */,
				C95D0933249AB54700D39DE3 /* SceneDelegate.swift */,
				C95D093F249AB54C00D39DE3 /* Info.plist */,
				C95D093A249AB54C00D39DE3 /* Assets.xcassets */,
				C95D093C249AB54C00D39DE3 /* LaunchScreen.storyboard */,
			);
			path = "Resources ";
			sourceTree = "<group>";
		};
		C95D0946249AB61D00D39DE3 /* Helpers */ = {
			isa = PBXGroup;
			children = (
				C95D094F249AC0A500D39DE3 /* SpeciesError.swift */,
			);
			path = Helpers;
			sourceTree = "<group>";
		};
		C95D0947249AB62500D39DE3 /* Models */ = {
			isa = PBXGroup;
			children = (
				C95D094B249ABE2000D39DE3 /* Species.swift */,
			);
			path = Models;
			sourceTree = "<group>";
		};
		C95D0948249AB62B00D39DE3 /* Controllers */ = {
			isa = PBXGroup;
			children = (
				C95D094A249AB63C00D39DE3 /* Model Controller */,
				C95D0949249AB63400D39DE3 /* View Controller */,
			);
			path = Controllers;
			sourceTree = "<group>";
		};
		C95D0949249AB63400D39DE3 /* View Controller */ = {
			isa = PBXGroup;
			children = (
				C95D0951249AC90700D39DE3 /* SpeciesViewController.swift */,
			);
			path = "View Controller";
			sourceTree = "<group>";
		};
		C95D094A249AB63C00D39DE3 /* Model Controller */ = {
			isa = PBXGroup;
			children = (
				C95D094D249ABFEF00D39DE3 /* SpeciesController.swift */,
			);
			path = "Model Controller";
			sourceTree = "<group>";
		};
/* End PBXGroup section */

/* Begin PBXNativeTarget section */
		C95D092D249AB54600D39DE3 /* BuildYourOwnAppDog */ = {
			isa = PBXNativeTarget;
			buildConfigurationList = C95D0942249AB54C00D39DE3 /* Build configuration list for PBXNativeTarget "BuildYourOwnAppDog" */;
			buildPhases = (
				C95D092A249AB54600D39DE3 /* Sources */,
				C95D092B249AB54600D39DE3 /* Frameworks */,
				C95D092C249AB54600D39DE3 /* Resources */,
			);
			buildRules = (
			);
			dependencies = (
			);
			name = BuildYourOwnAppDog;
			productName = BuildYourOwnAppDog;
			productReference = C95D092E249AB54700D39DE3 /* BuildYourOwnAppDog.app */;
			productType = "com.apple.product-type.application";
		};
/* End PBXNativeTarget section */

/* Begin PBXProject section */
		C95D0926249AB54600D39DE3 /* Project object */ = {
			isa = PBXProject;
			attributes = {
				LastSwiftUpdateCheck = 1150;
				LastUpgradeCheck = 1150;
				ORGANIZATIONNAME = "Kristin Samuels ";
				TargetAttributes = {
					C95D092D249AB54600D39DE3 = {
						CreatedOnToolsVersion = 11.5;
					};
				};
			};
			buildConfigurationList = C95D0929249AB54600D39DE3 /* Build configuration list for PBXProject "BuildYourOwnAppDog" */;
			compatibilityVersion = "Xcode 9.3";
			developmentRegion = en;
			hasScannedForEncodings = 0;
			knownRegions = (
				en,
				Base,
			);
			mainGroup = C95D0925249AB54600D39DE3;
			productRefGroup = C95D092F249AB54700D39DE3 /* Products */;
			projectDirPath = "";
			projectRoot = "";
			targets = (
				C95D092D249AB54600D39DE3 /* BuildYourOwnAppDog */,
			);
		};
/* End PBXProject section */

/* Begin PBXResourcesBuildPhase section */
		C95D092C249AB54600D39DE3 /* Resources */ = {
			isa = PBXResourcesBuildPhase;
			buildActionMask = 2147483647;
			files = (
				C95D093E249AB54C00D39DE3 /* LaunchScreen.storyboard in Resources */,
				C95D093B249AB54C00D39DE3 /* Assets.xcassets in Resources */,
				C95D0939249AB54700D39DE3 /* Main.storyboard in Resources */,
			);
			runOnlyForDeploymentPostprocessing = 0;
		};
/* End PBXResourcesBuildPhase section */

/* Begin PBXSourcesBuildPhase section */
		C95D092A249AB54600D39DE3 /* Sources */ = {
			isa = PBXSourcesBuildPhase;
			buildActionMask = 2147483647;
			files = (
				C95D094E249ABFEF00D39DE3 /* SpeciesController.swift in Sources */,
				C95D094C249ABE2000D39DE3 /* Species.swift in Sources */,
				C95D0950249AC0A500D39DE3 /* SpeciesError.swift in Sources */,
				C95D0952249AC90700D39DE3 /* SpeciesViewController.swift in Sources */,
				C95D0932249AB54700D39DE3 /* AppDelegate.swift in Sources */,
				C95D0934249AB54700D39DE3 /* SceneDelegate.swift in Sources */,
			);
			runOnlyForDeploymentPostprocessing = 0;
		};
/* End PBXSourcesBuildPhase section */

/* Begin PBXVariantGroup section */
		C95D0937249AB54700D39DE3 /* Main.storyboard */ = {
			isa = PBXVariantGroup;
			children = (
				C95D0938249AB54700D39DE3 /* Base */,
			);
			name = Main.storyboard;
			sourceTree = "<group>";
		};
		C95D093C249AB54C00D39DE3 /* LaunchScreen.storyboard */ = {
			isa = PBXVariantGroup;
			children = (
				C95D093D249AB54C00D39DE3 /* Base */,
			);
			name = LaunchScreen.storyboard;
			sourceTree = "<group>";
		};
/* End PBXVariantGroup section */

/* Begin XCBuildConfiguration section */
		C95D0940249AB54C00D39DE3 /* Debug */ = {
			isa = XCBuildConfiguration;
			buildSettings = {
				ALWAYS_SEARCH_USER_PATHS = NO;
				CLANG_ANALYZER_NONNULL = YES;
				CLANG_ANALYZER_NUMBER_OBJECT_CONVERSION = YES_AGGRESSIVE;
				CLANG_CXX_LANGUAGE_STANDARD = "gnu++14";
				CLANG_CXX_LIBRARY = "libc++";
				CLANG_ENABLE_MODULES = YES;
				CLANG_ENABLE_OBJC_ARC = YES;
				CLANG_ENABLE_OBJC_WEAK = YES;
				CLANG_WARN_BLOCK_CAPTURE_AUTORELEASING = YES;
				CLANG_WARN_BOOL_CONVERSION = YES;
				CLANG_WARN_COMMA = YES;
				CLANG_WARN_CONSTANT_CONVERSION = YES;
				CLANG_WARN_DEPRECATED_OBJC_IMPLEMENTATIONS = YES;
				CLANG_WARN_DIRECT_OBJC_ISA_USAGE = YES_ERROR;
				CLANG_WARN_DOCUMENTATION_COMMENTS = YES;
				CLANG_WARN_EMPTY_BODY = YES;
				CLANG_WARN_ENUM_CONVERSION = YES;
				CLANG_WARN_INFINITE_RECURSION = YES;
				CLANG_WARN_INT_CONVERSION = YES;
				CLANG_WARN_NON_LITERAL_NULL_CONVERSION = YES;
				CLANG_WARN_OBJC_IMPLICIT_RETAIN_SELF = YES;
				CLANG_WARN_OBJC_LITERAL_CONVERSION = YES;
				CLANG_WARN_OBJC_ROOT_CLASS = YES_ERROR;
				CLANG_WARN_RANGE_LOOP_ANALYSIS = YES;
				CLANG_WARN_STRICT_PROTOTYPES = YES;
				CLANG_WARN_SUSPICIOUS_MOVE = YES;
				CLANG_WARN_UNGUARDED_AVAILABILITY = YES_AGGRESSIVE;
				CLANG_WARN_UNREACHABLE_CODE = YES;
				CLANG_WARN__DUPLICATE_METHOD_MATCH = YES;
				COPY_PHASE_STRIP = NO;
				DEBUG_INFORMATION_FORMAT = dwarf;
				ENABLE_STRICT_OBJC_MSGSEND = YES;
				ENABLE_TESTABILITY = YES;
				GCC_C_LANGUAGE_STANDARD = gnu11;
				GCC_DYNAMIC_NO_PIC = NO;
				GCC_NO_COMMON_BLOCKS = YES;
				GCC_OPTIMIZATION_LEVEL = 0;
				GCC_PREPROCESSOR_DEFINITIONS = (
					"DEBUG=1",
					"$(inherited)",
				);
				GCC_WARN_64_TO_32_BIT_CONVERSION = YES;
				GCC_WARN_ABOUT_RETURN_TYPE = YES_ERROR;
				GCC_WARN_UNDECLARED_SELECTOR = YES;
				GCC_WARN_UNINITIALIZED_AUTOS = YES_AGGRESSIVE;
				GCC_WARN_UNUSED_FUNCTION = YES;
				GCC_WARN_UNUSED_VARIABLE = YES;
				IPHONEOS_DEPLOYMENT_TARGET = 13.5;
				MTL_ENABLE_DEBUG_INFO = INCLUDE_SOURCE;
				MTL_FAST_MATH = YES;
				ONLY_ACTIVE_ARCH = YES;
				SDKROOT = iphoneos;
				SWIFT_ACTIVE_COMPILATION_CONDITIONS = DEBUG;
				SWIFT_OPTIMIZATION_LEVEL = "-Onone";
			};
			name = Debug;
		};
		C95D0941249AB54C00D39DE3 /* Release */ = {
			isa = XCBuildConfiguration;
			buildSettings = {
				ALWAYS_SEARCH_USER_PATHS = NO;
				CLANG_ANALYZER_NONNULL = YES;
				CLANG_ANALYZER_NUMBER_OBJECT_CONVERSION = YES_AGGRESSIVE;
				CLANG_CXX_LANGUAGE_STANDARD = "gnu++14";
				CLANG_CXX_LIBRARY = "libc++";
				CLANG_ENABLE_MODULES = YES;
				CLANG_ENABLE_OBJC_ARC = YES;
				CLANG_ENABLE_OBJC_WEAK = YES;
				CLANG_WARN_BLOCK_CAPTURE_AUTORELEASING = YES;
				CLANG_WARN_BOOL_CONVERSION = YES;
				CLANG_WARN_COMMA = YES;
				CLANG_WARN_CONSTANT_CONVERSION = YES;
				CLANG_WARN_DEPRECATED_OBJC_IMPLEMENTATIONS = YES;
				CLANG_WARN_DIRECT_OBJC_ISA_USAGE = YES_ERROR;
				CLANG_WARN_DOCUMENTATION_COMMENTS = YES;
				CLANG_WARN_EMPTY_BODY = YES;
				CLANG_WARN_ENUM_CONVERSION = YES;
				CLANG_WARN_INFINITE_RECURSION = YES;
				CLANG_WARN_INT_CONVERSION = YES;
				CLANG_WARN_NON_LITERAL_NULL_CONVERSION = YES;
				CLANG_WARN_OBJC_IMPLICIT_RETAIN_SELF = YES;
				CLANG_WARN_OBJC_LITERAL_CONVERSION = YES;
				CLANG_WARN_OBJC_ROOT_CLASS = YES_ERROR;
				CLANG_WARN_RANGE_LOOP_ANALYSIS = YES;
				CLANG_WARN_STRICT_PROTOTYPES = YES;
				CLANG_WARN_SUSPICIOUS_MOVE = YES;
				CLANG_WARN_UNGUARDED_AVAILABILITY = YES_AGGRESSIVE;
				CLANG_WARN_UNREACHABLE_CODE = YES;
				CLANG_WARN__DUPLICATE_METHOD_MATCH = YES;
				COPY_PHASE_STRIP = NO;
				DEBUG_INFORMATION_FORMAT = "dwarf-with-dsym";
				ENABLE_NS_ASSERTIONS = NO;
				ENABLE_STRICT_OBJC_MSGSEND = YES;
				GCC_C_LANGUAGE_STANDARD = gnu11;
				GCC_NO_COMMON_BLOCKS = YES;
				GCC_WARN_64_TO_32_BIT_CONVERSION = YES;
				GCC_WARN_ABOUT_RETURN_TYPE = YES_ERROR;
				GCC_WARN_UNDECLARED_SELECTOR = YES;
				GCC_WARN_UNINITIALIZED_AUTOS = YES_AGGRESSIVE;
				GCC_WARN_UNUSED_FUNCTION = YES;
				GCC_WARN_UNUSED_VARIABLE = YES;
				IPHONEOS_DEPLOYMENT_TARGET = 13.5;
				MTL_ENABLE_DEBUG_INFO = NO;
				MTL_FAST_MATH = YES;
				SDKROOT = iphoneos;
				SWIFT_COMPILATION_MODE = wholemodule;
				SWIFT_OPTIMIZATION_LEVEL = "-O";
				VALIDATE_PRODUCT = YES;
			};
			name = Release;
		};
		C95D0943249AB54C00D39DE3 /* Debug */ = {
			isa = XCBuildConfiguration;
			buildSettings = {
				ASSETCATALOG_COMPILER_APPICON_NAME = AppIcon;
				CODE_SIGN_STYLE = Automatic;
				DEVELOPMENT_TEAM = KAP7J6U3Y3;
				INFOPLIST_FILE = "$(SRCROOT)/BuildYourOwnAppDog/Resources /Info.plist";
				LD_RUNPATH_SEARCH_PATHS = (
					"$(inherited)",
					"@executable_path/Frameworks",
				);
				PRODUCT_BUNDLE_IDENTIFIER = com.KNS.BuildYourOwnAppDog;
				PRODUCT_NAME = "$(TARGET_NAME)";
				SWIFT_VERSION = 5.0;
				TARGETED_DEVICE_FAMILY = "1,2";
			};
			name = Debug;
		};
		C95D0944249AB54C00D39DE3 /* Release */ = {
			isa = XCBuildConfiguration;
			buildSettings = {
				ASSETCATALOG_COMPILER_APPICON_NAME = AppIcon;
				CODE_SIGN_STYLE = Automatic;
				DEVELOPMENT_TEAM = KAP7J6U3Y3;
				INFOPLIST_FILE = "$(SRCROOT)/BuildYourOwnAppDog/Resources /Info.plist";
				LD_RUNPATH_SEARCH_PATHS = (
					"$(inherited)",
					"@executable_path/Frameworks",
				);
				PRODUCT_BUNDLE_IDENTIFIER = com.KNS.BuildYourOwnAppDog;
				PRODUCT_NAME = "$(TARGET_NAME)";
				SWIFT_VERSION = 5.0;
				TARGETED_DEVICE_FAMILY = "1,2";
			};
			name = Release;
		};
/* End XCBuildConfiguration section */

/* Begin XCConfigurationList section */
		C95D0929249AB54600D39DE3 /* Build configuration list for PBXProject "BuildYourOwnAppDog" */ = {
			isa = XCConfigurationList;
			buildConfigurations = (
				C95D0940249AB54C00D39DE3 /* Debug */,
				C95D0941249AB54C00D39DE3 /* Release */,
			);
			defaultConfigurationIsVisible = 0;
			defaultConfigurationName = Release;
		};
		C95D0942249AB54C00D39DE3 /* Build configuration list for PBXNativeTarget "BuildYourOwnAppDog" */ = {
			isa = XCConfigurationList;
			buildConfigurations = (
				C95D0943249AB54C00D39DE3 /* Debug */,
				C95D0944249AB54C00D39DE3 /* Release */,
			);
			defaultConfigurationIsVisible = 0;
			defaultConfigurationName = Release;
		};
/* End XCConfigurationList section */
	};
	rootObject = C95D0926249AB54600D39DE3 /* Project object */;
}
